# This file was autogenerated by uv via the following command:
#    uv export --frozen --no-dev --no-emit-project --no-hashes --format requirements-txt --output-file requirements.lock
certifi==2026.7.22
    # via requests
cffi==2.1.1 ; platform_python_implementation != 'PyPy'
    # via cryptography
charset-normalizer==3.5.1
    # via requests
cryptography==50.0.1
    # via google-auth
gdoc @ git+https://github.com/LucaDeLeo/gdoc.git@dbfa4c34bfa699ee8dd9839da85eea1fac177d44
    # via workspace-import
google-api-core==2.38.0
    # via google-api-python-client
google-api-python-client==2.200.0
    # via gdoc
google-auth==2.58.0
    # via
    #   workspace-import
    #   google-api-core
    #   google-api-python-client
    #   google-auth-httplib2
    #   google-auth-oauthlib
google-auth-httplib2==0.4.2
    # via
    #   gdoc
    #   google-api-python-client
google-auth-oauthlib==1.4.1
    # via
    #   workspace-import
    #   gdoc
googleapis-common-protos==1.75.3
    # via google-api-core
httplib2==0.32.0
    # via
    #   google-api-python-client
    #   google-auth-httplib2
idna==3.20
    # via requests
oauthlib==3.3.1
    # via requests-oauthlib
opentelemetry-api==1.44.0
    # via google-api-core
proto-plus==1.28.4
    # via google-api-core
protobuf==7.36.2
    # via
    #   google-api-core
    #   googleapis-common-protos
    #   proto-plus
pyasn1==0.6.4
    # via pyasn1-modules
pyasn1-modules==0.4.2
    # via google-auth
pycparser==3.0 ; implementation_name != 'PyPy' and platform_python_implementation != 'PyPy'
    # via cffi
pyparsing==3.3.3
    # via httplib2
requests==2.34.2
    # via
    #   workspace-import
    #   gdoc
    #   google-api-core
    #   requests-oauthlib
requests-oauthlib==2.0.0
    # via google-auth-oauthlib
typing-extensions==4.16.0
    # via opentelemetry-api
uritemplate==4.2.0
    # via google-api-python-client
urllib3==2.8.0
    # via requests
